// !$*UTF8*$!
{
	archiveVersion = 1;
	classes = {
	};
	objectVersion = 56;
	objects = {

/* Begin PBXBuildFile section */
		7FACC88628E8EF8B002119E6 /* AppDelegate.swift in Sources */ = {isa = PBXBuildFile; fileRef = 7FACC88528E8EF8B002119E6 /* AppDelegate.swift */; };
		7FACC88828E8EF8B002119E6 /* SceneDelegate.swift in Sources */ = {isa = PBXBuildFile; fileRef = 7FACC88728E8EF8B002119E6 /* SceneDelegate.swift */; };
		7FACC88A28E8EF8B002119E6 /* ViewController.swift in Sources */ = {isa = PBXBuildFile; fileRef = 7FACC88928E8EF8B002119E6 /* ViewController.swift */; };
		7FACC88D28E8EF8B002119E6 /* Main.storyboard in Resources */ = {isa = PBXBuildFile; fileRef = 7FACC88B28E8EF8B002119E6 /* Main.storyboard */; };
		7FACC88F28E8EF8D002119E6 /* Assets.xcassets in Resources */ = {isa = PBXBuildFile; fileRef = 7FACC88E28E8EF8D002119E6 /* Assets.xcassets */; };
		7FACC89228E8EF8D002119E6 /* LaunchScreen.storyboard in Resources */ = {isa = PBXBuildFile; fileRef = 7FACC89028E8EF8D002119E6 /* LaunchScreen.storyboard */; };
		7FACC89D28E8EF8D002119E6 /* DailySleepTrackerTests.swift in Sources */ = {isa = PBXBuildFile; fileRef = 7FACC89C28E8EF8D002119E6 /* DailySleepTrackerTests.swift */; };
		7FACC8A728E8EF8D002119E6 /* DailySleepTrackerUITests.swift in Sources */ = {isa = PBXBuildFile; fileRef = 7FACC8A628E8EF8D002119E6 /* DailySleepTrackerUITests.swift */; };
		7FACC8A928E8EF8D002119E6 /* DailySleepTrackerUITestsLaunchTests.swift in Sources */ = {isa = PBXBuildFile; fileRef = 7FACC8A828E8EF8D002119E6 /* DailySleepTrackerUITestsLaunchTests.swift */; };
/* End PBXBuildFile section */

/* Begin PBXContainerItemProxy section */
		7FACC89928E8EF8D002119E6 /* PBXContainerItemProxy */ = {
			isa = PBXContainerItemProxy;
			containerPortal = 7FACC87A28E8EF8B002119E6 /* Project object */;
			proxyType = 1;
			remoteGlobalIDString = 7FACC88128E8EF8B002119E6;
			remoteInfo = DailySleepTracker;
		};
		7FACC8A328E8EF8D002119E6 /* PBXContainerItemProxy */ = {
			isa = PBXContainerItemProxy;
			containerPortal = 7FACC87A28E8EF8B002119E6 /* Project object */;
			proxyType = 1;
			remoteGlobalIDString = 7FACC88128E8EF8B002119E6;
			remoteInfo = DailySleepTracker;
		};
/* End PBXContainerItemProxy section */

/* Begin PBXFileReference section */
		7FACC88228E8EF8B002119E6 /* DailySleepTracker.app */ = {isa = PBXFileReference; explicitFileType = wrapper.application; includeInIndex = 0; path = DailySleepTracker.app; sourceTree = BUILT_PRODUCTS_DIR; };
		7FACC88528E8EF8B002119E6 /* AppDelegate.swift */ = {isa = PBXFileReference; lastKnownFileType = sourcecode.swift; path = AppDelegate.swift; sourceTree = "<group>"; };
		7FACC88728E8EF8B002119E6 /* SceneDelegate.swift */ = {isa = PBXFileReference; lastKnownFileType = sourcecode.swift; path = SceneDelegate.swift; sourceTree = "<group>"; };
		7FACC88928E8EF8B002119E6 /* ViewController.swift */ = {isa = PBXFileReference; lastKnownFileType = sourcecode.swift; path = ViewController.swift; sourceTree = "<group>"; };
		7FACC88C28E8EF8B002119E6 /* Base */ = {isa = PBXFileReference; lastKnownFileType = file.storyboard; name = Base; path = Base.lproj/Main.storyboard; sourceTree = "<group>"; };
		7FACC88E28E8EF8D002119E6 /* Assets.xcassets */ = {isa = PBXFileReference; lastKnownFileType = folder.assetcatalog; path = Assets.xcassets; sourceTree = "<group>"; };
		7FACC89128E8EF8D002119E6 /* Base */ = {isa = PBXFileReference; lastKnownFileType = file.storyboard; name = Base; path = Base.lproj/LaunchScreen.storyboard; sourceTree = "<group>"; };
		7FACC89328E8EF8D002119E6 /* Info.plist */ = {isa = PBXFileReference; lastKnownFileType = text.plist.xml; path = Info.plist; sourceTree = "<group>"; };
		7FACC89828E8EF8D002119E6 /* DailySleepTrackerTests.xctest */ = {isa = PBXFileReference; explicitFileType = wrapper.cfbundle; includeInIndex = 0; path = DailySleepTrackerTests.xctest; sourceTree = BUILT_PRODUCTS_DIR; };
		7FACC89C28E8EF8D002119E6 /* DailySleepTrackerTests.swift */ = {isa = PBXFileReference; lastKnownFileType = sourcecode.swift; path = DailySleepTrackerTests.swift; sourceTree = "<group>"; };
		7FACC8A228E8EF8D002119E6 /* DailySleepTrackerUITests.xctest */ = {isa = PBXFileReference; explicitFileType = wrapper.cfbundle; includeInIndex = 0; path = DailySleepTrackerUITests.xctest; sourceTree = BUILT_PRODUCTS_DIR; };
		7FACC8A628E8EF8D002119E6 /* DailySleepTrackerUITests.swift */ = {isa = PBXFileReference; lastKnownFileType = sourcecode.swift; path = DailySleepTrackerUITests.swift; sourceTree = "<group>"; };
		7FACC8A828E8EF8D002119E6 /* DailySleepTrackerUITestsLaunchTests.swift */ = {isa = PBXFileReference; lastKnownFileType = sourcecode.swift; path = DailySleepTrackerUITestsLaunchTests.swift; sourceTree = "<group>"; };
/* End PBXFileReference section */

/* Begin PBXFrameworksBuildPhase section */
		7FACC87F28E8EF8B002119E6 /* Frameworks */ = {
			isa = PBXFrameworksBuildPhase;
			buildActionMask = 2147483647;
			files = (
			);
			runOnlyForDeploymentPostprocessing = 0;
		};
		7FACC89528E8EF8D002119E6 /* Frameworks */ = {
			isa = PBXFrameworksBuildPhase;
			buildActionMask = 2147483647;
			files = (
			);
			runOnlyForDeploymentPostprocessing = 0;
		};
		7FACC89F28E8EF8D002119E6 /* Frameworks */ = {
			isa = PBXFrameworksBuildPhase;
			buildActionMask = 2147483647;
			files = (
			);
			runOnlyForDeploymentPostprocessing = 0;
		};
/* End PBXFrameworksBuildPhase section */

/* Begin PBXGroup section */
		7FACC87928E8EF8B002119E6 = {
			isa = PBXGroup;
			children = (
				7FACC88428E8EF8B002119E6 /* DailySleepTracker */,
				7FACC89B28E8EF8D002119E6 /* DailySleepTrackerTests */,
				7FACC8A528E8EF8D002119E6 /* DailySleepTrackerUITests */,
				7FACC88328E8EF8B002119E6 /* Products */,
			);
			sourceTree = "<group>";
		};
		7FACC88328E8EF8B002119E6 /* Products */ = {
			isa = PBXGroup;
			children = (
				7FACC88228E8EF8B002119E6 /* DailySleepTracker.app */,
				7FACC89828E8EF8D002119E6 /* DailySleepTrackerTests.xctest */,
				7FACC8A228E8EF8D002119E6 /* DailySleepTrackerUITests.xctest */,
			);
			name = Products;
			sourceTree = "<group>";
		};
		7FACC88428E8EF8B002119E6 /* DailySleepTracker */ = {
			isa = PBXGroup;
			children = (
				7FACC88528E8EF8B002119E6 /* AppDelegate.swift */,
				7FACC88728E8EF8B002119E6 /* SceneDelegate.swift */,
				7FACC88928E8EF8B002119E6 /* ViewController.swift */,
				7FACC88B28E8EF8B002119E6 /* Main.storyboard */,
				7FACC88E28E8EF8D002119E6 /* Assets.xcassets */,
				7FACC89028E8EF8D002119E6 /* LaunchScreen.storyboard */,
				7FACC89328E8EF8D002119E6 /* Info.plist */,
			);
			path = DailySleepTracker;
			sourceTree = "<group>";
		};
		7FACC89B28E8EF8D002119E6 /* DailySleepTrackerTests */ = {
			isa = PBXGroup;
			children = (
				7FACC89C28E8EF8D002119E6 /* DailySleepTrackerTests.swift */,
			);
			path = DailySleepTrackerTests;
			sourceTree = "<group>";
		};
		7FACC8A528E8EF8D002119E6 /* DailySleepTrackerUITests */ = {
			isa = PBXGroup;
			children = (
				7FACC8A628E8EF8D002119E6 /* DailySleepTrackerUITests.swift */,
				7FACC8A828E8EF8D002119E6 /* DailySleepTrackerUITestsLaunchTests.swift */,
			);
			path = DailySleepTrackerUITests;
			sourceTree = "<group>";
		};
/* End PBXGroup section */

/* Begin PBXNativeTarget section */
		7FACC88128E8EF8B002119E6 /* DailySleepTracker */ = {
			isa = PBXNativeTarget;
			buildConfigurationList = 7FACC8AC28E8EF8D002119E6 /* Build configuration list for PBXNativeTarget "DailySleepTracker" */;
			buildPhases = (
				7FACC87E28E8EF8B002119E6 /* Sources */,
				7FACC87F28E8EF8B002119E6 /* Frameworks */,
				7FACC88028E8EF8B002119E6 /* Resources */,
			);
			buildRules = (
			);
			dependencies = (
			);
			name = DailySleepTracker;
			productName = DailySleepTracker;
			productReference = 7FACC88228E8EF8B002119E6 /* DailySleepTracker.app */;
			productType = "com.apple.product-type.application";
		};
		7FACC89728E8EF8D002119E6 /* DailySleepTrackerTests */ = {
			isa = PBXNativeTarget;
			buildConfigurationList = 7FACC8AF28E8EF8D002119E6 /* Build configuration list for PBXNativeTarget "DailySleepTrackerTests" */;
			buildPhases = (
				7FACC89428E8EF8D002119E6 /* Sources */,
				7FACC89528E8EF8D002119E6 /* Frameworks */,
				7FACC89628E8EF8D002119E6 /* Resources */,
			);
			buildRules = (
			);
			dependencies = (
				7FACC89A28E8EF8D002119E6 /* PBXTargetDependency */,
			);
			name = DailySleepTrackerTests;
			productName = DailySleepTrackerTests;
			productReference = 7FACC89828E8EF8D002119E6 /* DailySleepTrackerTests.xctest */;
			productType = "com.apple.product-type.bundle.unit-test";
		};
		7FACC8A128E8EF8D002119E6 /* DailySleepTrackerUITests */ = {
			isa = PBXNativeTarget;
			buildConfigurationList = 7FACC8B228E8EF8D002119E6 /* Build configuration list for PBXNativeTarget "DailySleepTrackerUITests" */;
			buildPhases = (
				7FACC89E28E8EF8D002119E6 /* Sources */,
				7FACC89F28E8EF8D002119E6 /* Frameworks */,
				7FACC8A028E8EF8D002119E6 /* Resources */,
			);
			buildRules = (
			);
			dependencies = (
				7FACC8A428E8EF8D002119E6 /* PBXTargetDependency */,
			);
			name = DailySleepTrackerUITests;
			productName = DailySleepTrackerUITests;
			productReference = 7FACC8A228E8EF8D002119E6 /* DailySleepTrackerUITests.xctest */;
			productType = "com.apple.product-type.bundle.ui-testing";
		};
/* End PBXNativeTarget section */

/* Begin PBXProject section */
		7FACC87A28E8EF8B002119E6 /* Project object */ = {
			isa = PBXProject;
			attributes = {
				BuildIndependentTargetsInParallel = 1;
				LastSwiftUpdateCheck = 1400;
				LastUpgradeCheck = 1400;
				TargetAttributes = {
					7FACC88128E8EF8B002119E6 = {
						CreatedOnToolsVersion = 14.0.1;
					};
					7FACC89728E8EF8D002119E6 = {
						CreatedOnToolsVersion = 14.0.1;
						TestTargetID = 7FACC88128E8EF8B002119E6;
					};
					7FACC8A128E8EF8D002119E6 = {
						CreatedOnToolsVersion = 14.0.1;
						TestTargetID = 7FACC88128E8EF8B002119E6;
					};
				};
			};
			buildConfigurationList = 7FACC87D28E8EF8B002119E6 /* Build configuration list for PBXProject "DailySleepTracker" */;
			compatibilityVersion = "Xcode 14.0";
			developmentRegion = en;
			hasScannedForEncodings = 0;
			knownRegions = (
				en,
				Base,
			);
			mainGroup = 7FACC87928E8EF8B002119E6;
			productRefGroup = 7FACC88328E8EF8B002119E6 /* Products */;
			projectDirPath = "";
			projectRoot = "";
			targets = (
				7FACC88128E8EF8B002119E6 /* DailySleepTracker */,
				7FACC89728E8EF8D002119E6 /* DailySleepTrackerTests */,
				7FACC8A128E8EF8D002119E6 /* DailySleepTrackerUITests */,
			);
		};
/* End PBXProject section */

/* Begin PBXResourcesBuildPhase section */
		7FACC88028E8EF8B002119E6 /* Resources */ = {
			isa = PBXResourcesBuildPhase;
			buildActionMask = 2147483647;
			files = (
				7FACC89228E8EF8D002119E6 /* LaunchScreen.storyboard in Resources */,
				7FACC88F28E8EF8D002119E6 /* Assets.xcassets in Resources */,
				7FACC88D28E8EF8B002119E6 /* Main.storyboard in Resources */,
			);
			runOnlyForDeploymentPostprocessing = 0;
		};
		7FACC89628E8EF8D002119E6 /* Resources */ = {
			isa = PBXResourcesBuildPhase;
			buildActionMask = 2147483647;
			files = (
			);
			runOnlyForDeploymentPostprocessing = 0;
		};
		7FACC8A028E8EF8D002119E6 /* Resources */ = {
			isa = PBXResourcesBuildPhase;
			buildActionMask = 2147483647;
			files = (
			);
			runOnlyForDeploymentPostprocessing = 0;
		};
/* End PBXResourcesBuildPhase section */

/* Begin PBXSourcesBuildPhase section */
		7FACC87E28E8EF8B002119E6 /* Sources */ = {
			isa = PBXSourcesBuildPhase;
			buildActionMask = 2147483647;
			files = (
				7FACC88A28E8EF8B002119E6 /* ViewController.swift in Sources */,
				7FACC88628E8EF8B002119E6 /* AppDelegate.swift in Sources */,
				7FACC88828E8EF8B002119E6 /* SceneDelegate.swift in Sources */,
			);
			runOnlyForDeploymentPostprocessing = 0;
		};
		7FACC89428E8EF8D002119E6 /* Sources */ = {
			isa = PBXSourcesBuildPhase;
			buildActionMask = 2147483647;
			files = (
				7FACC89D28E8EF8D002119E6 /* DailySleepTrackerTests.swift in Sources */,
			);
			runOnlyForDeploymentPostprocessing = 0;
		};
		7FACC89E28E8EF8D002119E6 /* Sources */ = {
			isa = PBXSourcesBuildPhase;
			buildActionMask = 2147483647;
			files = (
				7FACC8A728E8EF8D002119E6 /* DailySleepTrackerUITests.swift in Sources */,
				7FACC8A928E8EF8D002119E6 /* DailySleepTrackerUITestsLaunchTests.swift in Sources */,
			);
			runOnlyForDeploymentPostprocessing = 0;
		};
/* End PBXSourcesBuildPhase section */

/* Begin PBXTargetDependency section */
		7FACC89A28E8EF8D002119E6 /* PBXTargetDependency */ = {
			isa = PBXTargetDependency;
			target = 7FACC88128E8EF8B002119E6 /* DailySleepTracker */;
			targetProxy = 7FACC89928E8EF8D002119E6 /* PBXContainerItemProxy */;
		};
		7FACC8A428E8EF8D002119E6 /* PBXTargetDependency */ = {
			isa = PBXTargetDependency;
			target = 7FACC88128E8EF8B002119E6 /* DailySleepTracker */;
			targetProxy = 7FACC8A328E8EF8D002119E6 /* PBXContainerItemProxy */;
		};
/* End PBXTargetDependency section */

/* Begin PBXVariantGroup section */
		7FACC88B28E8EF8B002119E6 /* Main.storyboard */ = {
			isa = PBXVariantGroup;
			children = (
				7FACC88C28E8EF8B002119E6 /* Base */,
			);
			name = Main.storyboard;
			sourceTree = "<group>";
		};
		7FACC89028E8EF8D002119E6 /* LaunchScreen.storyboard */ = {
			isa = PBXVariantGroup;
			children = (
				7FACC89128E8EF8D002119E6 /* Base */,
			);
			name = LaunchScreen.storyboard;
			sourceTree = "<group>";
		};
/* End PBXVariantGroup section */

/* Begin XCBuildConfiguration section */
		7FACC8AA28E8EF8D002119E6 /* Debug */ = {
			isa = XCBuildConfiguration;
			buildSettings = {
				ALWAYS_SEARCH_USER_PATHS = NO;
				CLANG_ANALYZER_NONNULL = YES;
				CLANG_ANALYZER_NUMBER_OBJECT_CONVERSION = YES_AGGRESSIVE;
				CLANG_CXX_LANGUAGE_STANDARD = "gnu++20";
				CLANG_ENABLE_MODULES = YES;
				CLANG_ENABLE_OBJC_ARC = YES;
				CLANG_ENABLE_OBJC_WEAK = YES;
				CLANG_WARN_BLOCK_CAPTURE_AUTORELEASING = YES;
				CLANG_WARN_BOOL_CONVERSION = YES;
				CLANG_WARN_COMMA = YES;
				CLANG_WARN_CONSTANT_CONVERSION = YES;
				CLANG_WARN_DEPRECATED_OBJC_IMPLEMENTATIONS = YES;
				CLANG_WARN_DIRECT_OBJC_ISA_USAGE = YES_ERROR;
				CLANG_WARN_DOCUMENTATION_COMMENTS = YES;
				CLANG_WARN_EMPTY_BODY = YES;
				CLANG_WARN_ENUM_CONVERSION = YES;
				CLANG_WARN_INFINITE_RECURSION = YES;
				CLANG_WARN_INT_CONVERSION = YES;
				CLANG_WARN_NON_LITERAL_NULL_CONVERSION = YES;
				CLANG_WARN_OBJC_IMPLICIT_RETAIN_SELF = YES;
				CLANG_WARN_OBJC_LITERAL_CONVERSION = YES;
				CLANG_WARN_OBJC_ROOT_CLASS = YES_ERROR;
				CLANG_WARN_QUOTED_INCLUDE_IN_FRAMEWORK_HEADER = YES;
				CLANG_WARN_RANGE_LOOP_ANALYSIS = YES;
				CLANG_WARN_STRICT_PROTOTYPES = YES;
				CLANG_WARN_SUSPICIOUS_MOVE = YES;
				CLANG_WARN_UNGUARDED_AVAILABILITY = YES_AGGRESSIVE;
				CLANG_WARN_UNREACHABLE_CODE = YES;
				CLANG_WARN__DUPLICATE_METHOD_MATCH = YES;
				COPY_PHASE_STRIP = NO;
				DEBUG_INFORMATION_FORMAT = dwarf;
				ENABLE_STRICT_OBJC_MSGSEND = YES;
				ENABLE_TESTABILITY = YES;
				GCC_C_LANGUAGE_STANDARD = gnu11;
				GCC_DYNAMIC_NO_PIC = NO;
				GCC_NO_COMMON_BLOCKS = YES;
				GCC_OPTIMIZATION_LEVEL = 0;
				GCC_PREPROCESSOR_DEFINITIONS = (
					"DEBUG=1",
					"$(inherited)",
				);
				GCC_WARN_64_TO_32_BIT_CONVERSION = YES;
				GCC_WARN_ABOUT_RETURN_TYPE = YES_ERROR;
				GCC_WARN_UNDECLARED_SELECTOR = YES;
				GCC_WARN_UNINITIALIZED_AUTOS = YES_AGGRESSIVE;
				GCC_WARN_UNUSED_FUNCTION = YES;
				GCC_WARN_UNUSED_VARIABLE = YES;
				IPHONEOS_DEPLOYMENT_TARGET = 16.0;
				MTL_ENABLE_DEBUG_INFO = INCLUDE_SOURCE;
				MTL_FAST_MATH = YES;
				ONLY_ACTIVE_ARCH = YES;
				SDKROOT = iphoneos;
				SWIFT_ACTIVE_COMPILATION_CONDITIONS = DEBUG;
				SWIFT_OPTIMIZATION_LEVEL = "-Onone";
			};
			name = Debug;
		};
		7FACC8AB28E8EF8D002119E6 /* Release */ = {
			isa = XCBuildConfiguration;
			buildSettings = {
				ALWAYS_SEARCH_USER_PATHS = NO;
				CLANG_ANALYZER_NONNULL = YES;
				CLANG_ANALYZER_NUMBER_OBJECT_CONVERSION = YES_AGGRESSIVE;
				CLANG_CXX_LANGUAGE_STANDARD = "gnu++20";
				CLANG_ENABLE_MODULES = YES;
				CLANG_ENABLE_OBJC_ARC = YES;
				CLANG_ENABLE_OBJC_WEAK = YES;
				CLANG_WARN_BLOCK_CAPTURE_AUTORELEASING = YES;
				CLANG_WARN_BOOL_CONVERSION = YES;
				CLANG_WARN_COMMA = YES;
				CLANG_WARN_CONSTANT_CONVERSION = YES;
				CLANG_WARN_DEPRECATED_OBJC_IMPLEMENTATIONS = YES;
				CLANG_WARN_DIRECT_OBJC_ISA_USAGE = YES_ERROR;
				CLANG_WARN_DOCUMENTATION_COMMENTS = YES;
				CLANG_WARN_EMPTY_BODY = YES;
				CLANG_WARN_ENUM_CONVERSION = YES;
				CLANG_WARN_INFINITE_RECURSION = YES;
				CLANG_WARN_INT_CONVERSION = YES;
				CLANG_WARN_NON_LITERAL_NULL_CONVERSION = YES;
				CLANG_WARN_OBJC_IMPLICIT_RETAIN_SELF = YES;
				CLANG_WARN_OBJC_LITERAL_CONVERSION = YES;
				CLANG_WARN_OBJC_ROOT_CLASS = YES_ERROR;
				CLANG_WARN_QUOTED_INCLUDE_IN_FRAMEWORK_HEADER = YES;
				CLANG_WARN_RANGE_LOOP_ANALYSIS = YES;
				CLANG_WARN_STRICT_PROTOTYPES = YES;
				CLANG_WARN_SUSPICIOUS_MOVE = YES;
				CLANG_WARN_UNGUARDED_AVAILABILITY = YES_AGGRESSIVE;
				CLANG_WARN_UNREACHABLE_CODE = YES;
				CLANG_WARN__DUPLICATE_METHOD_MATCH = YES;
				COPY_PHASE_STRIP = NO;
				DEBUG_INFORMATION_FORMAT = "dwarf-with-dsym";
				ENABLE_NS_ASSERTIONS = NO;
				ENABLE_STRICT_OBJC_MSGSEND = YES;
				GCC_C_LANGUAGE_STANDARD = gnu11;
				GCC_NO_COMMON_BLOCKS = YES;
				GCC_WARN_64_TO_32_BIT_CONVERSION = YES;
				GCC_WARN_ABOUT_RETURN_TYPE = YES_ERROR;
				GCC_WARN_UNDECLARED_SELECTOR = YES;
				GCC_WARN_UNINITIALIZED_AUTOS = YES_AGGRESSIVE;
				GCC_WARN_UNUSED_FUNCTION = YES;
				GCC_WARN_UNUSED_VARIABLE = YES;
				IPHONEOS_DEPLOYMENT_TARGET = 16.0;
				MTL_ENABLE_DEBUG_INFO = NO;
				MTL_FAST_MATH = YES;
				SDKROOT = iphoneos;
				SWIFT_COMPILATION_MODE = wholemodule;
				SWIFT_OPTIMIZATION_LEVEL = "-O";
				VALIDATE_PRODUCT = YES;
			};
			name = Release;
		};
		7FACC8AD28E8EF8D002119E6 /* Debug */ = {
			isa = XCBuildConfiguration;
			buildSettings = {
				ASSETCATALOG_COMPILER_APPICON_NAME = AppIcon;
				ASSETCATALOG_COMPILER_GLOBAL_ACCENT_COLOR_NAME = AccentColor;
				CODE_SIGN_STYLE = Automatic;
				CURRENT_PROJECT_VERSION = 1;
				DEVELOPMENT_TEAM = 786WE2QS34;
				GENERATE_INFOPLIST_FILE = YES;
				INFOPLIST_FILE = DailySleepTracker/Info.plist;
				INFOPLIST_KEY_UIApplicationSupportsIndirectInputEvents = YES;
				INFOPLIST_KEY_UILaunchStoryboardName = LaunchScreen;
				INFOPLIST_KEY_UIMainStoryboardFile = Main;
				INFOPLIST_KEY_UISupportedInterfaceOrientations_iPad = "UIInterfaceOrientationPortrait UIInterfaceOrientationPortraitUpsideDown UIInterfaceOrientationLandscapeLeft UIInterfaceOrientationLandscapeRight";
				INFOPLIST_KEY_UISupportedInterfaceOrientations_iPhone = "UIInterfaceOrientationPortrait UIInterfaceOrientationLandscapeLeft UIInterfaceOrientationLandscapeRight";
				LD_RUNPATH_SEARCH_PATHS = (
					"$(inherited)",
					"@executable_path/Frameworks",
				);
				MARKETING_VERSION = 1.0;
				PRODUCT_BUNDLE_IDENTIFIER = com.funnydev.DailySleepTracker;
				PRODUCT_NAME = "$(TARGET_NAME)";
				SWIFT_EMIT_LOC_STRINGS = YES;
				SWIFT_VERSION = 5.0;
				TARGETED_DEVICE_FAMILY = "1,2";
			};
			name = Debug;
		};
		7FACC8AE28E8EF8D002119E6 /* Release */ = {
			isa = XCBuildConfiguration;
			buildSettings = {
				ASSETCATALOG_COMPILER_APPICON_NAME = AppIcon;
				ASSETCATALOG_COMPILER_GLOBAL_ACCENT_COLOR_NAME = AccentColor;
				CODE_SIGN_STYLE = Automatic;
				CURRENT_PROJECT_VERSION = 1;
				DEVELOPMENT_TEAM = 786WE2QS34;
				GENERATE_INFOPLIST_FILE = YES;
				INFOPLIST_FILE = DailySleepTracker/Info.plist;
				INFOPLIST_KEY_UIApplicationSupportsIndirectInputEvents = YES;
				INFOPLIST_KEY_UILaunchStoryboardName = LaunchScreen;
				INFOPLIST_KEY_UIMainStoryboardFile = Main;
				INFOPLIST_KEY_UISupportedInterfaceOrientations_iPad = "UIInterfaceOrientationPortrait UIInterfaceOrientationPortraitUpsideDown UIInterfaceOrientationLandscapeLeft UIInterfaceOrientationLandscapeRight";
				INFOPLIST_KEY_UISupportedInterfaceOrientations_iPhone = "UIInterfaceOrientationPortrait UIInterfaceOrientationLandscapeLeft UIInterfaceOrientationLandscapeRight";
				LD_RUNPATH_SEARCH_PATHS = (
					"$(inherited)",
					"@executable_path/Frameworks",
				);
				MARKETING_VERSION = 1.0;
				PRODUCT_BUNDLE_IDENTIFIER = com.funnydev.DailySleepTracker;
				PRODUCT_NAME = "$(TARGET_NAME)";
				SWIFT_EMIT_LOC_STRINGS = YES;
				SWIFT_VERSION = 5.0;
				TARGETED_DEVICE_FAMILY = "1,2";
			};
			name = Release;
		};
		7FACC8B028E8EF8D002119E6 /* Debug */ = {
			isa = XCBuildConfiguration;
			buildSettings = {
				ALWAYS_EMBED_SWIFT_STANDARD_LIBRARIES = YES;
				BUNDLE_LOADER = "$(TEST_HOST)";
				CODE_SIGN_STYLE = Automatic;
				CURRENT_PROJECT_VERSION = 1;
				DEVELOPMENT_TEAM = 786WE2QS34;
				GENERATE_INFOPLIST_FILE = YES;
				IPHONEOS_DEPLOYMENT_TARGET = 16.0;
				MARKETING_VERSION = 1.0;
				PRODUCT_BUNDLE_IDENTIFIER = com.funnydev.DailySleepTrackerTests;
				PRODUCT_NAME = "$(TARGET_NAME)";
				SWIFT_EMIT_LOC_STRINGS = NO;
				SWIFT_VERSION = 5.0;
				TARGETED_DEVICE_FAMILY = "1,2";
				TEST_HOST = "$(BUILT_PRODUCTS_DIR)/DailySleepTracker.app/$(BUNDLE_EXECUTABLE_FOLDER_PATH)/DailySleepTracker";
			};
			name = Debug;
		};
		7FACC8B128E8EF8D002119E6 /* Release */ = {
			isa = XCBuildConfiguration;
			buildSettings = {
				ALWAYS_EMBED_SWIFT_STANDARD_LIBRARIES = YES;
				BUNDLE_LOADER = "$(TEST_HOST)";
				CODE_SIGN_STYLE = Automatic;
				CURRENT_PROJECT_VERSION = 1;
				DEVELOPMENT_TEAM = 786WE2QS34;
				GENERATE_INFOPLIST_FILE = YES;
				IPHONEOS_DEPLOYMENT_TARGET = 16.0;
				MARKETING_VERSION = 1.0;
				PRODUCT_BUNDLE_IDENTIFIER = com.funnydev.DailySleepTrackerTests;
				PRODUCT_NAME = "$(TARGET_NAME)";
				SWIFT_EMIT_LOC_STRINGS = NO;
				SWIFT_VERSION = 5.0;
				TARGETED_DEVICE_FAMILY = "1,2";
				TEST_HOST = "$(BUILT_PRODUCTS_DIR)/DailySleepTracker.app/$(BUNDLE_EXECUTABLE_FOLDER_PATH)/DailySleepTracker";
			};
			name = Release;
		};
		7FACC8B328E8EF8D002119E6 /* Debug */ = {
			isa = XCBuildConfiguration;
			buildSettings = {
				ALWAYS_EMBED_SWIFT_STANDARD_LIBRARIES = YES;
				CODE_SIGN_STYLE = Automatic;
				CURRENT_PROJECT_VERSION = 1;
				DEVELOPMENT_TEAM = 786WE2QS34;
				GENERATE_INFOPLIST_FILE = YES;
				MARKETING_VERSION = 1.0;
				PRODUCT_BUNDLE_IDENTIFIER = com.funnydev.DailySleepTrackerUITests;
				PRODUCT_NAME = "$(TARGET_NAME)";
				SWIFT_EMIT_LOC_STRINGS = NO;
				SWIFT_VERSION = 5.0;
				TARGETED_DEVICE_FAMILY = "1,2";
				TEST_TARGET_NAME = DailySleepTracker;
			};
			name = Debug;
		};
		7FACC8B428E8EF8D002119E6 /* Release */ = {
			isa = XCBuildConfiguration;
			buildSettings = {
				ALWAYS_EMBED_SWIFT_STANDARD_LIBRARIES = YES;
				CODE_SIGN_STYLE = Automatic;
				CURRENT_PROJECT_VERSION = 1;
				DEVELOPMENT_TEAM = 786WE2QS34;
				GENERATE_INFOPLIST_FILE = YES;
				MARKETING_VERSION = 1.0;
				PRODUCT_BUNDLE_IDENTIFIER = com.funnydev.DailySleepTrackerUITests;
				PRODUCT_NAME = "$(TARGET_NAME)";
				SWIFT_EMIT_LOC_STRINGS = NO;
				SWIFT_VERSION = 5.0;
				TARGETED_DEVICE_FAMILY = "1,2";
				TEST_TARGET_NAME = DailySleepTracker;
			};
			name = Release;
		};
/* End XCBuildConfiguration section */

/* Begin XCConfigurationList section */
		7FACC87D28E8EF8B002119E6 /* Build configuration list for PBXProject "DailySleepTracker" */ = {
			isa = XCConfigurationList;
			buildConfigurations = (
				7FACC8AA28E8EF8D002119E6 /* Debug */,
				7FACC8AB28E8EF8D002119E6 /* Release */,
			);
			defaultConfigurationIsVisible = 0;
			defaultConfigurationName = Release;
		};
		7FACC8AC28E8EF8D002119E6 /* Build configuration list for PBXNativeTarget "DailySleepTracker" */ = {
			isa = XCConfigurationList;
			buildConfigurations = (
				7FACC8AD28E8EF8D002119E6 /* Debug */,
				7FACC8AE28E8EF8D002119E6 /* Release */,
			);
			defaultConfigurationIsVisible = 0;
			defaultConfigurationName = Release;
		};
		7FACC8AF28E8EF8D002119E6 /* Build configuration list for PBXNativeTarget "DailySleepTrackerTests" */ = {
			isa = XCConfigurationList;
			buildConfigurations = (
				7FACC8B028E8EF8D002119E6 /* Debug */,
				7FACC8B128E8EF8D002119E6 /* Release */,
			);
			defaultConfigurationIsVisible = 0;
			defaultConfigurationName = Release;
		};
		7FACC8B228E8EF8D002119E6 /* Build configuration list for PBXNativeTarget "DailySleepTrackerUITests" */ = {
			isa = XCConfigurationList;
			buildConfigurations = (
				7FACC8B328E8EF8D002119E6 /* Debug */,
				7FACC8B428E8EF8D002119E6 /* Release */,
			);
			defaultConfigurationIsVisible = 0;
			defaultConfigurationName = Release;
		};
/* End XCConfigurationList section */
	};
	rootObject = 7FACC87A28E8EF8B002119E6 /* Project object */;
}
